// !$*UTF8*$!
{
	archiveVersion = 1;
	classes = {
	};
	objectVersion = 46;
	objects = {

/* Begin PBXBuildFile section */
		3E0853B61DCB36FB00AF5DB4 /* libs in Resources */ = {isa = PBXBuildFile; fileRef = 3E0853B51DCB36FB00AF5DB4 /* libs */; };
		3E0B656B1DCB273F00A16BB6 /* CallScreenViewController.m in Sources */ = {isa = PBXBuildFile; fileRef = 3E8353851DC78B1100DD5AF6 /* CallScreenViewController.m */; };
		3E0D120F1DBB8E9800BEFB38 /* main.m in Sources */ = {isa = PBXBuildFile; fileRef = 3E0D120E1DBB8E9800BEFB38 /* main.m */; };
		3E0D12121DBB8E9800BEFB38 /* AppDelegate.m in Sources */ = {isa = PBXBuildFile; fileRef = 3E0D12111DBB8E9800BEFB38 /* AppDelegate.m */; };
		3E0D12151DBB8E9800BEFB38 /* ViewController.m in Sources */ = {isa = PBXBuildFile; fileRef = 3E0D12141DBB8E9800BEFB38 /* ViewController.m */; };
		3E0D12181DBB8E9800BEFB38 /* Main.storyboard in Resources */ = {isa = PBXBuildFile; fileRef = 3E0D12161DBB8E9800BEFB38 /* Main.storyboard */; };
		3E0D121A1DBB8E9800BEFB38 /* Assets.xcassets in Resources */ = {isa = PBXBuildFile; fileRef = 3E0D12191DBB8E9800BEFB38 /* Assets.xcassets */; };
		3E0D121D1DBB8E9800BEFB38 /* LaunchScreen.storyboard in Resources */ = {isa = PBXBuildFile; fileRef = 3E0D121B1DBB8E9800BEFB38 /* LaunchScreen.storyboard */; };
		3E3B1FDB1DCB419C0099DA83 /* libg7221codec-i386-apple-darwin_ios.a in Frameworks */ = {isa = PBXBuildFile; fileRef = 3E0853B71DCB378100AF5DB4 /* libg7221codec-i386-apple-darwin_ios.a */; };
		3E3B1FDC1DCB419C0099DA83 /* libgsmcodec-i386-apple-darwin_ios.a in Frameworks */ = {isa = PBXBuildFile; fileRef = 3E0853B81DCB378100AF5DB4 /* libgsmcodec-i386-apple-darwin_ios.a */; };
		3E3B1FDD1DCB419C0099DA83 /* libilbccodec-i386-apple-darwin_ios.a in Frameworks */ = {isa = PBXBuildFile; fileRef = 3E0853B91DCB378100AF5DB4 /* libilbccodec-i386-apple-darwin_ios.a */; };
		3E3B1FDE1DCB419C0099DA83 /* libpj-i386-apple-darwin_ios.a in Frameworks */ = {isa = PBXBuildFile; fileRef = 3E0853BA1DCB378100AF5DB4 /* libpj-i386-apple-darwin_ios.a */; };
		3E3B1FDF1DCB419C0099DA83 /* libpjlib-util-i386-apple-darwin_ios.a in Frameworks */ = {isa = PBXBuildFile; fileRef = 3E0853BB1DCB378100AF5DB4 /* libpjlib-util-i386-apple-darwin_ios.a */; };
		3E3B1FE01DCB419C0099DA83 /* libpjmedia-audiodev-i386-apple-darwin_ios.a in Frameworks */ = {isa = PBXBuildFile; fileRef = 3E0853BC1DCB378100AF5DB4 /* libpjmedia-audiodev-i386-apple-darwin_ios.a */; };
		3E3B1FE11DCB419C0099DA83 /* libpjmedia-codec-i386-apple-darwin_ios.a in Frameworks */ = {isa = PBXBuildFile; fileRef = 3E0853BD1DCB378100AF5DB4 /* libpjmedia-codec-i386-apple-darwin_ios.a */; };
		3E3B1FE21DCB419C0099DA83 /* libpjmedia-i386-apple-darwin_ios.a in Frameworks */ = {isa = PBXBuildFile; fileRef = 3E0853BE1DCB378100AF5DB4 /* libpjmedia-i386-apple-darwin_ios.a */; };
		3E3B1FE31DCB419C0099DA83 /* libpjmedia-videodev-i386-apple-darwin_ios.a in Frameworks */ = {isa = PBXBuildFile; fileRef = 3E0853BF1DCB378100AF5DB4 /* libpjmedia-videodev-i386-apple-darwin_ios.a */; };
		3E3B1FE41DCB419C0099DA83 /* libpjnath-i386-apple-darwin_ios.a in Frameworks */ = {isa = PBXBuildFile; fileRef = 3E0853C01DCB378100AF5DB4 /* libpjnath-i386-apple-darwin_ios.a */; };
		3E3B1FE51DCB419C0099DA83 /* libpjsdp-i386-apple-darwin_ios.a in Frameworks */ = {isa = PBXBuildFile; fileRef = 3E0853C11DCB378100AF5DB4 /* libpjsdp-i386-apple-darwin_ios.a */; };
		3E3B1FE61DCB419C0099DA83 /* libpjsip-i386-apple-darwin_ios.a in Frameworks */ = {isa = PBXBuildFile; fileRef = 3E0853C21DCB378100AF5DB4 /* libpjsip-i386-apple-darwin_ios.a */; };
		3E3B1FE71DCB419C0099DA83 /* libpjsip-simple-i386-apple-darwin_ios.a in Frameworks */ = {isa = PBXBuildFile; fileRef = 3E0853C31DCB378100AF5DB4 /* libpjsip-simple-i386-apple-darwin_ios.a */; };
		3E3B1FE81DCB419C0099DA83 /* libpjsip-ua-i386-apple-darwin_ios.a in Frameworks */ = {isa = PBXBuildFile; fileRef = 3E0853C41DCB378100AF5DB4 /* libpjsip-ua-i386-apple-darwin_ios.a */; };
		3E3B1FE91DCB419C0099DA83 /* libpjsua-i386-apple-darwin_ios.a in Frameworks */ = {isa = PBXBuildFile; fileRef = 3E0853C51DCB378100AF5DB4 /* libpjsua-i386-apple-darwin_ios.a */; };
		3E3B1FEA1DCB419C0099DA83 /* libpjsua2-i386-apple-darwin_ios.a in Frameworks */ = {isa = PBXBuildFile; fileRef = 3E0853C61DCB378100AF5DB4 /* libpjsua2-i386-apple-darwin_ios.a */; };
		3E3B1FEB1DCB419C0099DA83 /* libresample-i386-apple-darwin_ios.a in Frameworks */ = {isa = PBXBuildFile; fileRef = 3E0853C71DCB378100AF5DB4 /* libresample-i386-apple-darwin_ios.a */; };
		3E3B1FEC1DCB419C0099DA83 /* libspeex-i386-apple-darwin_ios.a in Frameworks */ = {isa = PBXBuildFile; fileRef = 3E0853C81DCB378100AF5DB4 /* libspeex-i386-apple-darwin_ios.a */; };
		3E3B1FED1DCB419C0099DA83 /* libsrtp-i386-apple-darwin_ios.a in Frameworks */ = {isa = PBXBuildFile; fileRef = 3E0853C91DCB378100AF5DB4 /* libsrtp-i386-apple-darwin_ios.a */; };
		3E3B1FEE1DCB419C0099DA83 /* libyuv-i386-apple-darwin_ios.a in Frameworks */ = {isa = PBXBuildFile; fileRef = 3E0853CA1DCB378100AF5DB4 /* libyuv-i386-apple-darwin_ios.a */; };
		3E3B20031DCB419D0099DA83 /* libg7221codec-x86_64-apple-darwin_ios.a in Frameworks */ = {isa = PBXBuildFile; fileRef = 3E3B1FEF1DCB419D0099DA83 /* libg7221codec-x86_64-apple-darwin_ios.a */; };
		3E3B20041DCB419D0099DA83 /* libgsmcodec-x86_64-apple-darwin_ios.a in Frameworks */ = {isa = PBXBuildFile; fileRef = 3E3B1FF01DCB419D0099DA83 /* libgsmcodec-x86_64-apple-darwin_ios.a */; };
		3E3B20051DCB419D0099DA83 /* libilbccodec-x86_64-apple-darwin_ios.a in Frameworks */ = {isa = PBXBuildFile; fileRef = 3E3B1FF11DCB419D0099DA83 /* libilbccodec-x86_64-apple-darwin_ios.a */; };
		3E3B20061DCB419D0099DA83 /* libpj-x86_64-apple-darwin_ios.a in Frameworks */ = {isa = PBXBuildFile; fileRef = 3E3B1FF21DCB419D0099DA83 /* libpj-x86_64-apple-darwin_ios.a */; };
		3E3B20071DCB419D0099DA83 /* libpjlib-util-x86_64-apple-darwin_ios.a in Frameworks */ = {isa = PBXBuildFile; fileRef = 3E3B1FF31DCB419D0099DA83 /* libpjlib-util-x86_64-apple-darwin_ios.a */; };
		3E3B20081DCB419D0099DA83 /* libpjmedia-audiodev-x86_64-apple-darwin_ios.a in Frameworks */ = {isa = PBXBuildFile; fileRef = 3E3B1FF41DCB419D0099DA83 /* libpjmedia-audiodev-x86_64-apple-darwin_ios.a */; };
		3E3B20091DCB419D0099DA83 /* libpjmedia-codec-x86_64-apple-darwin_ios.a in Frameworks */ = {isa = PBXBuildFile; fileRef = 3E3B1FF51DCB419D0099DA83 /* libpjmedia-codec-x86_64-apple-darwin_ios.a */; };
		3E3B200A1DCB419D0099DA83 /* libpjmedia-videodev-x86_64-apple-darwin_ios.a in Frameworks */ = {isa = PBXBuildFile; fileRef = 3E3B1FF61DCB419D0099DA83 /* libpjmedia-videodev-x86_64-apple-darwin_ios.a */; };
		3E3B200B1DCB419D0099DA83 /* libpjmedia-x86_64-apple-darwin_ios.a in Frameworks */ = {isa = PBXBuildFile; fileRef = 3E3B1FF71DCB419D0099DA83 /* libpjmedia-x86_64-apple-darwin_ios.a */; };
		3E3B200C1DCB419D0099DA83 /* libpjnath-x86_64-apple-darwin_ios.a in Frameworks */ = {isa = PBXBuildFile; fileRef = 3E3B1FF81DCB419D0099DA83 /* libpjnath-x86_64-apple-darwin_ios.a */; };
		3E3B200D1DCB419D0099DA83 /* libpjsdp-x86_64-apple-darwin_ios.a in Frameworks */ = {isa = PBXBuildFile; fileRef = 3E3B1FF91DCB419D0099DA83 /* libpjsdp-x86_64-apple-darwin_ios.a */; };
		3E3B200E1DCB419D0099DA83 /* libpjsip-simple-x86_64-apple-darwin_ios.a in Frameworks */ = {isa = PBXBuildFile; fileRef = 3E3B1FFA1DCB419D0099DA83 /* libpjsip-simple-x86_64-apple-darwin_ios.a */; };
		3E3B200F1DCB419D0099DA83 /* libpjsip-ua-x86_64-apple-darwin_ios.a in Frameworks */ = {isa = PBXBuildFile; fileRef = 3E3B1FFB1DCB419D0099DA83 /* libpjsip-ua-x86_64-apple-darwin_ios.a */; };
		3E3B20101DCB419D0099DA83 /* libpjsip-x86_64-apple-darwin_ios.a in Frameworks */ = {isa = PBXBuildFile; fileRef = 3E3B1FFC1DCB419D0099DA83 /* libpjsip-x86_64-apple-darwin_ios.a */; };
		3E3B20111DCB419D0099DA83 /* libpjsua-x86_64-apple-darwin_ios.a in Frameworks */ = {isa = PBXBuildFile; fileRef = 3E3B1FFD1DCB419D0099DA83 /* libpjsua-x86_64-apple-darwin_ios.a */; };
		3E3B20121DCB419D0099DA83 /* libpjsua2-x86_64-apple-darwin_ios.a in Frameworks */ = {isa = PBXBuildFile; fileRef = 3E3B1FFE1DCB419D0099DA83 /* libpjsua2-x86_64-apple-darwin_ios.a */; };
		3E3B20131DCB419D0099DA83 /* libresample-x86_64-apple-darwin_ios.a in Frameworks */ = {isa = PBXBuildFile; fileRef = 3E3B1FFF1DCB419D0099DA83 /* libresample-x86_64-apple-darwin_ios.a */; };
		3E3B20141DCB419D0099DA83 /* libspeex-x86_64-apple-darwin_ios.a in Frameworks */ = {isa = PBXBuildFile; fileRef = 3E3B20001DCB419D0099DA83 /* libspeex-x86_64-apple-darwin_ios.a */; };
		3E3B20151DCB419D0099DA83 /* libsrtp-x86_64-apple-darwin_ios.a in Frameworks */ = {isa = PBXBuildFile; fileRef = 3E3B20011DCB419D0099DA83 /* libsrtp-x86_64-apple-darwin_ios.a */; };
		3E3B20161DCB419D0099DA83 /* libyuv-x86_64-apple-darwin_ios.a in Frameworks */ = {isa = PBXBuildFile; fileRef = 3E3B20021DCB419D0099DA83 /* libyuv-x86_64-apple-darwin_ios.a */; };
		3E6A74FE1DCA69EF0042DB34 /* pjsip-include in Resources */ = {isa = PBXBuildFile; fileRef = 3E6A74FD1DCA69EF0042DB34 /* pjsip-include */; };
		3E8353881DC78F9200DD5AF6 /* phone-circle-red-2-128.png in Resources */ = {isa = PBXBuildFile; fileRef = 3E8353871DC78F9200DD5AF6 /* phone-circle-red-2-128.png */; };
		3E96FE0D1DC69DB3006D1BD1 /* ContactsScreenViewController.m in Sources */ = {isa = PBXBuildFile; fileRef = 3E96FE0C1DC69DB3006D1BD1 /* ContactsScreenViewController.m */; };
		3EA4B5A81DDCAF2F00EB3181 /* libg7221codec-arm64-apple-darwin_ios.a in Frameworks */ = {isa = PBXBuildFile; fileRef = 3EA4B5801DDCAF2E00EB3181 /* libg7221codec-arm64-apple-darwin_ios.a */; };
		3EA4B5A91DDCAF2F00EB3181 /* libg7221codec-armv7s-apple-darwin_ios.a in Frameworks */ = {isa = PBXBuildFile; fileRef = 3EA4B5811DDCAF2E00EB3181 /* libg7221codec-armv7s-apple-darwin_ios.a */; };
		3EA4B5AA1DDCAF2F00EB3181 /* libgsmcodec-arm64-apple-darwin_ios.a in Frameworks */ = {isa = PBXBuildFile; fileRef = 3EA4B5821DDCAF2E00EB3181 /* libgsmcodec-arm64-apple-darwin_ios.a */; };
		3EA4B5AB1DDCAF2F00EB3181 /* libgsmcodec-armv7s-apple-darwin_ios.a in Frameworks */ = {isa = PBXBuildFile; fileRef = 3EA4B5831DDCAF2E00EB3181 /* libgsmcodec-armv7s-apple-darwin_ios.a */; };
		3EA4B5AC1DDCAF2F00EB3181 /* libilbccodec-arm64-apple-darwin_ios.a in Frameworks */ = {isa = PBXBuildFile; fileRef = 3EA4B5841DDCAF2E00EB3181 /* libilbccodec-arm64-apple-darwin_ios.a */; };
		3EA4B5AD1DDCAF2F00EB3181 /* libilbccodec-armv7s-apple-darwin_ios.a in Frameworks */ = {isa = PBXBuildFile; fileRef = 3EA4B5851DDCAF2E00EB3181 /* libilbccodec-armv7s-apple-darwin_ios.a */; };
		3EA4B5AE1DDCAF2F00EB3181 /* libpj-arm64-apple-darwin_ios.a in Frameworks */ = {isa = PBXBuildFile; fileRef = 3EA4B5861DDCAF2E00EB3181 /* libpj-arm64-apple-darwin_ios.a */; };
		3EA4B5AF1DDCAF2F00EB3181 /* libpj-armv7s-apple-darwin_ios.a in Frameworks */ = {isa = PBXBuildFile; fileRef = 3EA4B5871DDCAF2E00EB3181 /* libpj-armv7s-apple-darwin_ios.a */; };
		3EA4B5B01DDCAF2F00EB3181 /* libpjlib-util-arm64-apple-darwin_ios.a in Frameworks */ = {isa = PBXBuildFile; fileRef = 3EA4B5881DDCAF2E00EB3181 /* libpjlib-util-arm64-apple-darwin_ios.a */; };
		3EA4B5B11DDCAF2F00EB3181 /* libpjlib-util-armv7s-apple-darwin_ios.a in Frameworks */ = {isa = PBXBuildFile; fileRef = 3EA4B5891DDCAF2E00EB3181 /* libpjlib-util-armv7s-apple-darwin_ios.a */; };
		3EA4B5B21DDCAF2F00EB3181 /* libpjmedia-arm64-apple-darwin_ios.a in Frameworks */ = {isa = PBXBuildFile; fileRef = 3EA4B58A1DDCAF2E00EB3181 /* libpjmedia-arm64-apple-darwin_ios.a */; };
		3EA4B5B31DDCAF2F00EB3181 /* libpjmedia-armv7s-apple-darwin_ios.a in Frameworks */ = {isa = PBXBuildFile; fileRef = 3EA4B58B1DDCAF2E00EB3181 /* libpjmedia-armv7s-apple-darwin_ios.a */; };
		3EA4B5B41DDCAF2F00EB3181 /* libpjmedia-audiodev-arm64-apple-darwin_ios.a in Frameworks */ = {isa = PBXBuildFile; fileRef = 3EA4B58C1DDCAF2E00EB3181 /* libpjmedia-audiodev-arm64-apple-darwin_ios.a */; };
		3EA4B5B51DDCAF2F00EB3181 /* libpjmedia-audiodev-armv7s-apple-darwin_ios.a in Frameworks */ = {isa = PBXBuildFile; fileRef = 3EA4B58D1DDCAF2E00EB3181 /* libpjmedia-audiodev-armv7s-apple-darwin_ios.a */; };
		3EA4B5B61DDCAF2F00EB3181 /* libpjmedia-codec-arm64-apple-darwin_ios.a in Frameworks */ = {isa = PBXBuildFile; fileRef = 3EA4B58E1DDCAF2F00EB3181 /* libpjmedia-codec-arm64-apple-darwin_ios.a */; };
		3EA4B5B71DDCAF2F00EB3181 /* libpjmedia-codec-armv7s-apple-darwin_ios.a in Frameworks */ = {isa = PBXBuildFile; fileRef = 3EA4B58F1DDCAF2F00EB3181 /* libpjmedia-codec-armv7s-apple-darwin_ios.a */; };
		3EA4B5B81DDCAF2F00EB3181 /* libpjmedia-videodev-arm64-apple-darwin_ios.a in Frameworks */ = {isa = PBXBuildFile; fileRef = 3EA4B5901DDCAF2F00EB3181 /* libpjmedia-videodev-arm64-apple-darwin_ios.a */; };
		3EA4B5B91DDCAF2F00EB3181 /* libpjmedia-videodev-armv7s-apple-darwin_ios.a in Frameworks */ = {isa = PBXBuildFile; fileRef = 3EA4B5911DDCAF2F00EB3181 /* libpjmedia-videodev-armv7s-apple-darwin_ios.a */; };
		3EA4B5BA1DDCAF2F00EB3181 /* libpjnath-arm64-apple-darwin_ios.a in Frameworks */ = {isa = PBXBuildFile; fileRef = 3EA4B5921DDCAF2F00EB3181 /* libpjnath-arm64-apple-darwin_ios.a */; };
		3EA4B5BB1DDCAF2F00EB3181 /* libpjnath-armv7s-apple-darwin_ios.a in Frameworks */ = {isa = PBXBuildFile; fileRef = 3EA4B5931DDCAF2F00EB3181 /* libpjnath-armv7s-apple-darwin_ios.a */; };
		3EA4B5BC1DDCAF2F00EB3181 /* libpjsdp-arm64-apple-darwin_ios.a in Frameworks */ = {isa = PBXBuildFile; fileRef = 3EA4B5941DDCAF2F00EB3181 /* libpjsdp-arm64-apple-darwin_ios.a */; };
		3EA4B5BD1DDCAF2F00EB3181 /* libpjsdp-armv7s-apple-darwin_ios.a in Frameworks */ = {isa = PBXBuildFile; fileRef = 3EA4B5951DDCAF2F00EB3181 /* libpjsdp-armv7s-apple-darwin_ios.a */; };
		3EA4B5BE1DDCAF2F00EB3181 /* libpjsip-arm64-apple-darwin_ios.a in Frameworks */ = {isa = PBXBuildFile; fileRef = 3EA4B5961DDCAF2F00EB3181 /* libpjsip-arm64-apple-darwin_ios.a */; };
		3EA4B5BF1DDCAF2F00EB3181 /* libpjsip-armv7s-apple-darwin_ios.a in Frameworks */ = {isa = PBXBuildFile; fileRef = 3EA4B5971DDCAF2F00EB3181 /* libpjsip-armv7s-apple-darwin_ios.a */; };
		3EA4B5C01DDCAF2F00EB3181 /* libpjsip-simple-arm64-apple-darwin_ios.a in Frameworks */ = {isa = PBXBuildFile; fileRef = 3EA4B5981DDCAF2F00EB3181 /* libpjsip-simple-arm64-apple-darwin_ios.a */; };
		3EA4B5C11DDCAF2F00EB3181 /* libpjsip-simple-armv7s-apple-darwin_ios.a in Frameworks */ = {isa = PBXBuildFile; fileRef = 3EA4B5991DDCAF2F00EB3181 /* libpjsip-simple-armv7s-apple-darwin_ios.a */; };
		3EA4B5C21DDCAF2F00EB3181 /* libpjsip-ua-arm64-apple-darwin_ios.a in Frameworks */ = {isa = PBXBuildFile; fileRef = 3EA4B59A1DDCAF2F00EB3181 /* libpjsip-ua-arm64-apple-darwin_ios.a */; };
		3EA4B5C31DDCAF2F00EB3181 /* libpjsip-ua-armv7s-apple-darwin_ios.a in Frameworks */ = {isa = PBXBuildFile; fileRef = 3EA4B59B1DDCAF2F00EB3181 /* libpjsip-ua-armv7s-apple-darwin_ios.a */; };
		3EA4B5C41DDCAF2F00EB3181 /* libpjsua-arm64-apple-darwin_ios.a in Frameworks */ = {isa = PBXBuildFile; fileRef = 3EA4B59C1DDCAF2F00EB3181 /* libpjsua-arm64-apple-darwin_ios.a */; };
		3EA4B5C51DDCAF2F00EB3181 /* libpjsua-armv7s-apple-darwin_ios.a in Frameworks */ = {isa = PBXBuildFile; fileRef = 3EA4B59D1DDCAF2F00EB3181 /* libpjsua-armv7s-apple-darwin_ios.a */; };
		3EA4B5C61DDCAF2F00EB3181 /* libpjsua2-arm64-apple-darwin_ios.a in Frameworks */ = {isa = PBXBuildFile; fileRef = 3EA4B59E1DDCAF2F00EB3181 /* libpjsua2-arm64-apple-darwin_ios.a */; };
		3EA4B5C71DDCAF2F00EB3181 /* libpjsua2-armv7s-apple-darwin_ios.a in Frameworks */ = {isa = PBXBuildFile; fileRef = 3EA4B59F1DDCAF2F00EB3181 /* libpjsua2-armv7s-apple-darwin_ios.a */; };
		3EA4B5C81DDCAF2F00EB3181 /* libresample-arm64-apple-darwin_ios.a in Frameworks */ = {isa = PBXBuildFile; fileRef = 3EA4B5A01DDCAF2F00EB3181 /* libresample-arm64-apple-darwin_ios.a */; };
		3EA4B5C91DDCAF2F00EB3181 /* libresample-armv7s-apple-darwin_ios.a in Frameworks */ = {isa = PBXBuildFile; fileRef = 3EA4B5A11DDCAF2F00EB3181 /* libresample-armv7s-apple-darwin_ios.a */; };
		3EA4B5CA1DDCAF2F00EB3181 /* libspeex-arm64-apple-darwin_ios.a in Frameworks */ = {isa = PBXBuildFile; fileRef = 3EA4B5A21DDCAF2F00EB3181 /* libspeex-arm64-apple-darwin_ios.a */; };
		3EA4B5CB1DDCAF2F00EB3181 /* libspeex-armv7s-apple-darwin_ios.a in Frameworks */ = {isa = PBXBuildFile; fileRef = 3EA4B5A31DDCAF2F00EB3181 /* libspeex-armv7s-apple-darwin_ios.a */; };
		3EA4B5CC1DDCAF2F00EB3181 /* libsrtp-arm64-apple-darwin_ios.a in Frameworks */ = {isa = PBXBuildFile; fileRef = 3EA4B5A41DDCAF2F00EB3181 /* libsrtp-arm64-apple-darwin_ios.a */; };
		3EA4B5CD1DDCAF2F00EB3181 /* libsrtp-armv7s-apple-darwin_ios.a in Frameworks */ = {isa = PBXBuildFile; fileRef = 3EA4B5A51DDCAF2F00EB3181 /* libsrtp-armv7s-apple-darwin_ios.a */; };
		3EA4B5CE1DDCAF2F00EB3181 /* libyuv-arm64-apple-darwin_ios.a in Frameworks */ = {isa = PBXBuildFile; fileRef = 3EA4B5A61DDCAF2F00EB3181 /* libyuv-arm64-apple-darwin_ios.a */; };
		3EA4B5CF1DDCAF2F00EB3181 /* libyuv-armv7s-apple-darwin_ios.a in Frameworks */ = {isa = PBXBuildFile; fileRef = 3EA4B5A71DDCAF2F00EB3181 /* libyuv-armv7s-apple-darwin_ios.a */; };
		3EDD0A351DCA5F5C00C3D0FF /* CoreFoundation.framework in Frameworks */ = {isa = PBXBuildFile; fileRef = 3EDD0A331DCA5F5C00C3D0FF /* CoreFoundation.framework */; };
		3EDD0A361DCA5F5C00C3D0FF /* Foundation.framework in Frameworks */ = {isa = PBXBuildFile; fileRef = 3EDD0A341DCA5F5C00C3D0FF /* Foundation.framework */; };
		3EE7835F1DBD17FE0076C3EF /* AudioToolbox.framework in Frameworks */ = {isa = PBXBuildFile; fileRef = 3EE7835C1DBD17FD0076C3EF /* AudioToolbox.framework */; };
		3EE783601DBD17FE0076C3EF /* AVFoundation.framework in Frameworks */ = {isa = PBXBuildFile; fileRef = 3EE7835D1DBD17FD0076C3EF /* AVFoundation.framework */; };
		3EE783611DBD17FE0076C3EF /* CFNetwork.framework in Frameworks */ = {isa = PBXBuildFile; fileRef = 3EE7835E1DBD17FD0076C3EF /* CFNetwork.framework */; };
/* End PBXBuildFile section */

/* Begin PBXFileReference section */
		3E0853B51DCB36FB00AF5DB4 /* libs */ = {isa = PBXFileReference; lastKnownFileType = folder; path = libs; sourceTree = "<group>"; };
		3E0853B71DCB378100AF5DB4 /* libg7221codec-i386-apple-darwin_ios.a */ = {isa = PBXFileReference; lastKnownFileType = archive.ar; name = "libg7221codec-i386-apple-darwin_ios.a"; path = "appl/libs/libg7221codec-i386-apple-darwin_ios.a"; sourceTree = "<group>"; };
		3E0853B81DCB378100AF5DB4 /* libgsmcodec-i386-apple-darwin_ios.a */ = {isa = PBXFileReference; lastKnownFileType = archive.ar; name = "libgsmcodec-i386-apple-darwin_ios.a"; path = "appl/libs/libgsmcodec-i386-apple-darwin_ios.a"; sourceTree = "<group>"; };
		3E0853B91DCB378100AF5DB4 /* libilbccodec-i386-apple-darwin_ios.a */ = {isa = PBXFileReference; lastKnownFileType = archive.ar; name = "libilbccodec-i386-apple-darwin_ios.a"; path = "appl/libs/libilbccodec-i386-apple-darwin_ios.a"; sourceTree = "<group>"; };
		3E0853BA1DCB378100AF5DB4 /* libpj-i386-apple-darwin_ios.a */ = {isa = PBXFileReference; lastKnownFileType = archive.ar; name = "libpj-i386-apple-darwin_ios.a"; path = "appl/libs/libpj-i386-apple-darwin_ios.a"; sourceTree = "<group>"; };
		3E0853BB1DCB378100AF5DB4 /* libpjlib-util-i386-apple-darwin_ios.a */ = {isa = PBXFileReference; lastKnownFileType = archive.ar; name = "libpjlib-util-i386-apple-darwin_ios.a"; path = "appl/libs/libpjlib-util-i386-apple-darwin_ios.a"; sourceTree = "<group>"; };
		3E0853BC1DCB378100AF5DB4 /* libpjmedia-audiodev-i386-apple-darwin_ios.a */ = {isa = PBXFileReference; lastKnownFileType = archive.ar; name = "libpjmedia-audiodev-i386-apple-darwin_ios.a"; path = "appl/libs/libpjmedia-audiodev-i386-apple-darwin_ios.a"; sourceTree = "<group>"; };
		3E0853BD1DCB378100AF5DB4 /* libpjmedia-codec-i386-apple-darwin_ios.a */ = {isa = PBXFileReference; lastKnownFileType = archive.ar; name = "libpjmedia-codec-i386-apple-darwin_ios.a"; path = "appl/libs/libpjmedia-codec-i386-apple-darwin_ios.a"; sourceTree = "<group>"; };
		3E0853BE1DCB378100AF5DB4 /* libpjmedia-i386-apple-darwin_ios.a */ = {isa = PBXFileReference; lastKnownFileType = archive.ar; name = "libpjmedia-i386-apple-darwin_ios.a"; path = "appl/libs/libpjmedia-i386-apple-darwin_ios.a"; sourceTree = "<group>"; };
		3E0853BF1DCB378100AF5DB4 /* libpjmedia-videodev-i386-apple-darwin_ios.a */ = {isa = PBXFileReference; lastKnownFileType = archive.ar; name = "libpjmedia-videodev-i386-apple-darwin_ios.a"; path = "appl/libs/libpjmedia-videodev-i386-apple-darwin_ios.a"; sourceTree = "<group>"; };
		3E0853C01DCB378100AF5DB4 /* libpjnath-i386-apple-darwin_ios.a */ = {isa = PBXFileReference; lastKnownFileType = archive.ar; name = "libpjnath-i386-apple-darwin_ios.a"; path = "appl/libs/libpjnath-i386-apple-darwin_ios.a"; sourceTree = "<group>"; };
		3E0853C11DCB378100AF5DB4 /* libpjsdp-i386-apple-darwin_ios.a */ = {isa = PBXFileReference; lastKnownFileType = archive.ar; name = "libpjsdp-i386-apple-darwin_ios.a"; path = "appl/libs/libpjsdp-i386-apple-darwin_ios.a"; sourceTree = "<group>"; };
		3E0853C21DCB378100AF5DB4 /* libpjsip-i386-apple-darwin_ios.a */ = {isa = PBXFileReference; lastKnownFileType = archive.ar; name = "libpjsip-i386-apple-darwin_ios.a"; path = "appl/libs/libpjsip-i386-apple-darwin_ios.a"; sourceTree = "<group>"; };
		3E0853C31DCB378100AF5DB4 /* libpjsip-simple-i386-apple-darwin_ios.a */ = {isa = PBXFileReference; lastKnownFileType = archive.ar; name = "libpjsip-simple-i386-apple-darwin_ios.a"; path = "appl/libs/libpjsip-simple-i386-apple-darwin_ios.a"; sourceTree = "<group>"; };
		3E0853C41DCB378100AF5DB4 /* libpjsip-ua-i386-apple-darwin_ios.a */ = {isa = PBXFileReference; lastKnownFileType = archive.ar; name = "libpjsip-ua-i386-apple-darwin_ios.a"; path = "appl/libs/libpjsip-ua-i386-apple-darwin_ios.a"; sourceTree = "<group>"; };
		3E0853C51DCB378100AF5DB4 /* libpjsua-i386-apple-darwin_ios.a */ = {isa = PBXFileReference; lastKnownFileType = archive.ar; name = "libpjsua-i386-apple-darwin_ios.a"; path = "appl/libs/libpjsua-i386-apple-darwin_ios.a"; sourceTree = "<group>"; };
		3E0853C61DCB378100AF5DB4 /* libpjsua2-i386-apple-darwin_ios.a */ = {isa = PBXFileReference; lastKnownFileType = archive.ar; name = "libpjsua2-i386-apple-darwin_ios.a"; path = "appl/libs/libpjsua2-i386-apple-darwin_ios.a"; sourceTree = "<group>"; };
		3E0853C71DCB378100AF5DB4 /* libresample-i386-apple-darwin_ios.a */ = {isa = PBXFileReference; lastKnownFileType = archive.ar; name = "libresample-i386-apple-darwin_ios.a"; path = "appl/libs/libresample-i386-apple-darwin_ios.a"; sourceTree = "<group>"; };
		3E0853C81DCB378100AF5DB4 /* libspeex-i386-apple-darwin_ios.a */ = {isa = PBXFileReference; lastKnownFileType = archive.ar; name = "libspeex-i386-apple-darwin_ios.a"; path = "appl/libs/libspeex-i386-apple-darwin_ios.a"; sourceTree = "<group>"; };
		3E0853C91DCB378100AF5DB4 /* libsrtp-i386-apple-darwin_ios.a */ = {isa = PBXFileReference; lastKnownFileType = archive.ar; name = "libsrtp-i386-apple-darwin_ios.a"; path = "appl/libs/libsrtp-i386-apple-darwin_ios.a"; sourceTree = "<group>"; };
		3E0853CA1DCB378100AF5DB4 /* libyuv-i386-apple-darwin_ios.a */ = {isa = PBXFileReference; lastKnownFileType = archive.ar; name = "libyuv-i386-apple-darwin_ios.a"; path = "appl/libs/libyuv-i386-apple-darwin_ios.a"; sourceTree = "<group>"; };
		3E0D120A1DBB8E9800BEFB38 /* appl.app */ = {isa = PBXFileReference; explicitFileType = wrapper.application; includeInIndex = 0; path = appl.app; sourceTree = BUILT_PRODUCTS_DIR; };
		3E0D120E1DBB8E9800BEFB38 /* main.m */ = {isa = PBXFileReference; lastKnownFileType = sourcecode.c.objc; path = main.m; sourceTree = "<group>"; };
		3E0D12101DBB8E9800BEFB38 /* AppDelegate.h */ = {isa = PBXFileReference; lastKnownFileType = sourcecode.c.h; path = AppDelegate.h; sourceTree = "<group>"; };
		3E0D12111DBB8E9800BEFB38 /* AppDelegate.m */ = {isa = PBXFileReference; lastKnownFileType = sourcecode.c.objc; path = AppDelegate.m; sourceTree = "<group>"; };
		3E0D12131DBB8E9800BEFB38 /* ViewController.h */ = {isa = PBXFileReference; lastKnownFileType = sourcecode.c.h; path = ViewController.h; sourceTree = "<group>"; };
		3E0D12141DBB8E9800BEFB38 /* ViewController.m */ = {isa = PBXFileReference; lastKnownFileType = sourcecode.c.objc; path = ViewController.m; sourceTree = "<group>"; };
		3E0D12171DBB8E9800BEFB38 /* Base */ = {isa = PBXFileReference; lastKnownFileType = file.storyboard; name = Base; path = Base.lproj/Main.storyboard; sourceTree = "<group>"; };
		3E0D12191DBB8E9800BEFB38 /* Assets.xcassets */ = {isa = PBXFileReference; lastKnownFileType = folder.assetcatalog; path = Assets.xcassets; sourceTree = "<group>"; };
		3E0D121C1DBB8E9800BEFB38 /* Base */ = {isa = PBXFileReference; lastKnownFileType = file.storyboard; name = Base; path = Base.lproj/LaunchScreen.storyboard; sourceTree = "<group>"; };
		3E0D121E1DBB8E9800BEFB38 /* Info.plist */ = {isa = PBXFileReference; lastKnownFileType = text.plist.xml; path = Info.plist; sourceTree = "<group>"; };
		3E3B1FEF1DCB419D0099DA83 /* libg7221codec-x86_64-apple-darwin_ios.a */ = {isa = PBXFileReference; lastKnownFileType = archive.ar; name = "libg7221codec-x86_64-apple-darwin_ios.a"; path = "appl/libs/libg7221codec-x86_64-apple-darwin_ios.a"; sourceTree = "<group>"; };
		3E3B1FF01DCB419D0099DA83 /* libgsmcodec-x86_64-apple-darwin_ios.a */ = {isa = PBXFileReference; lastKnownFileType = archive.ar; name = "libgsmcodec-x86_64-apple-darwin_ios.a"; path = "appl/libs/libgsmcodec-x86_64-apple-darwin_ios.a"; sourceTree = "<group>"; };
		3E3B1FF11DCB419D0099DA83 /* libilbccodec-x86_64-apple-darwin_ios.a */ = {isa = PBXFileReference; lastKnownFileType = archive.ar; name = "libilbccodec-x86_64-apple-darwin_ios.a"; path = "appl/libs/libilbccodec-x86_64-apple-darwin_ios.a"; sourceTree = "<group>"; };
		3E3B1FF21DCB419D0099DA83 /* libpj-x86_64-apple-darwin_ios.a */ = {isa = PBXFileReference; lastKnownFileType = archive.ar; name = "libpj-x86_64-apple-darwin_ios.a"; path = "appl/libs/libpj-x86_64-apple-darwin_ios.a"; sourceTree = "<group>"; };
		3E3B1FF31DCB419D0099DA83 /* libpjlib-util-x86_64-apple-darwin_ios.a */ = {isa = PBXFileReference; lastKnownFileType = archive.ar; name = "libpjlib-util-x86_64-apple-darwin_ios.a"; path = "appl/libs/libpjlib-util-x86_64-apple-darwin_ios.a"; sourceTree = "<group>"; };
		3E3B1FF41DCB419D0099DA83 /* libpjmedia-audiodev-x86_64-apple-darwin_ios.a */ = {isa = PBXFileReference; lastKnownFileType = archive.ar; name = "libpjmedia-audiodev-x86_64-apple-darwin_ios.a"; path = "appl/libs/libpjmedia-audiodev-x86_64-apple-darwin_ios.a"; sourceTree = "<group>"; };
		3E3B1FF51DCB419D0099DA83 /* libpjmedia-codec-x86_64-apple-darwin_ios.a */ = {isa = PBXFileReference; lastKnownFileType = archive.ar; name = "libpjmedia-codec-x86_64-apple-darwin_ios.a"; path = "appl/libs/libpjmedia-codec-x86_64-apple-darwin_ios.a"; sourceTree = "<group>"; };
		3E3B1FF61DCB419D0099DA83 /* libpjmedia-videodev-x86_64-apple-darwin_ios.a */ = {isa = PBXFileReference; lastKnownFileType = archive.ar; name = "libpjmedia-videodev-x86_64-apple-darwin_ios.a"; path = "appl/libs/libpjmedia-videodev-x86_64-apple-darwin_ios.a"; sourceTree = "<group>"; };
		3E3B1FF71DCB419D0099DA83 /* libpjmedia-x86_64-apple-darwin_ios.a */ = {isa = PBXFileReference; lastKnownFileType = archive.ar; name = "libpjmedia-x86_64-apple-darwin_ios.a"; path = "appl/libs/libpjmedia-x86_64-apple-darwin_ios.a"; sourceTree = "<group>"; };
		3E3B1FF81DCB419D0099DA83 /* libpjnath-x86_64-apple-darwin_ios.a */ = {isa = PBXFileReference; lastKnownFileType = archive.ar; name = "libpjnath-x86_64-apple-darwin_ios.a"; path = "appl/libs/libpjnath-x86_64-apple-darwin_ios.a"; sourceTree = "<group>"; };
		3E3B1FF91DCB419D0099DA83 /* libpjsdp-x86_64-apple-darwin_ios.a */ = {isa = PBXFileReference; lastKnownFileType = archive.ar; name = "libpjsdp-x86_64-apple-darwin_ios.a"; path = "appl/libs/libpjsdp-x86_64-apple-darwin_ios.a"; sourceTree = "<group>"; };
		3E3B1FFA1DCB419D0099DA83 /* libpjsip-simple-x86_64-apple-darwin_ios.a */ = {isa = PBXFileReference; lastKnownFileType = archive.ar; name = "libpjsip-simple-x86_64-apple-darwin_ios.a"; path = "appl/libs/libpjsip-simple-x86_64-apple-darwin_ios.a"; sourceTree = "<group>"; };
		3E3B1FFB1DCB419D0099DA83 /* libpjsip-ua-x86_64-apple-darwin_ios.a */ = {isa = PBXFileReference; lastKnownFileType = archive.ar; name = "libpjsip-ua-x86_64-apple-darwin_ios.a"; path = "appl/libs/libpjsip-ua-x86_64-apple-darwin_ios.a"; sourceTree = "<group>"; };
		3E3B1FFC1DCB419D0099DA83 /* libpjsip-x86_64-apple-darwin_ios.a */ = {isa = PBXFileReference; lastKnownFileType = archive.ar; name = "libpjsip-x86_64-apple-darwin_ios.a"; path = "appl/libs/libpjsip-x86_64-apple-darwin_ios.a"; sourceTree = "<group>"; };
		3E3B1FFD1DCB419D0099DA83 /* libpjsua-x86_64-apple-darwin_ios.a */ = {isa = PBXFileReference; lastKnownFileType = archive.ar; name = "libpjsua-x86_64-apple-darwin_ios.a"; path = "appl/libs/libpjsua-x86_64-apple-darwin_ios.a"; sourceTree = "<group>"; };
		3E3B1FFE1DCB419D0099DA83 /* libpjsua2-x86_64-apple-darwin_ios.a */ = {isa = PBXFileReference; lastKnownFileType = archive.ar; name = "libpjsua2-x86_64-apple-darwin_ios.a"; path = "appl/libs/libpjsua2-x86_64-apple-darwin_ios.a"; sourceTree = "<group>"; };
		3E3B1FFF1DCB419D0099DA83 /* libresample-x86_64-apple-darwin_ios.a */ = {isa = PBXFileReference; lastKnownFileType = archive.ar; name = "libresample-x86_64-apple-darwin_ios.a"; path = "appl/libs/libresample-x86_64-apple-darwin_ios.a"; sourceTree = "<group>"; };
		3E3B20001DCB419D0099DA83 /* libspeex-x86_64-apple-darwin_ios.a */ = {isa = PBXFileReference; lastKnownFileType = archive.ar; name = "libspeex-x86_64-apple-darwin_ios.a"; path = "appl/libs/libspeex-x86_64-apple-darwin_ios.a"; sourceTree = "<group>"; };
		3E3B20011DCB419D0099DA83 /* libsrtp-x86_64-apple-darwin_ios.a */ = {isa = PBXFileReference; lastKnownFileType = archive.ar; name = "libsrtp-x86_64-apple-darwin_ios.a"; path = "appl/libs/libsrtp-x86_64-apple-darwin_ios.a"; sourceTree = "<group>"; };
		3E3B20021DCB419D0099DA83 /* libyuv-x86_64-apple-darwin_ios.a */ = {isa = PBXFileReference; lastKnownFileType = archive.ar; name = "libyuv-x86_64-apple-darwin_ios.a"; path = "appl/libs/libyuv-x86_64-apple-darwin_ios.a"; sourceTree = "<group>"; };
		3E6A74FD1DCA69EF0042DB34 /* pjsip-include */ = {isa = PBXFileReference; lastKnownFileType = folder; name = "pjsip-include"; path = "appl/pjsip-include"; sourceTree = SOURCE_ROOT; };
		3E8353841DC78B1100DD5AF6 /* CallScreenViewController.h */ = {isa = PBXFileReference; fileEncoding = 4; lastKnownFileType = sourcecode.c.h; path = CallScreenViewController.h; sourceTree = "<group>"; };
		3E8353851DC78B1100DD5AF6 /* CallScreenViewController.m */ = {isa = PBXFileReference; fileEncoding = 4; lastKnownFileType = sourcecode.c.objc; path = CallScreenViewController.m; sourceTree = "<group>"; };
		3E8353871DC78F9200DD5AF6 /* phone-circle-red-2-128.png */ = {isa = PBXFileReference; lastKnownFileType = image.png; path = "phone-circle-red-2-128.png"; sourceTree = "<group>"; };
		3E96FE0B1DC69DB3006D1BD1 /* ContactsScreenViewController.h */ = {isa = PBXFileReference; fileEncoding = 4; lastKnownFileType = sourcecode.c.h; path = ContactsScreenViewController.h; sourceTree = "<group>"; };
		3E96FE0C1DC69DB3006D1BD1 /* ContactsScreenViewController.m */ = {isa = PBXFileReference; fileEncoding = 4; lastKnownFileType = sourcecode.c.objc; path = ContactsScreenViewController.m; sourceTree = "<group>"; };
		3EA4B5801DDCAF2E00EB3181 /* libg7221codec-arm64-apple-darwin_ios.a */ = {isa = PBXFileReference; lastKnownFileType = archive.ar; name = "libg7221codec-arm64-apple-darwin_ios.a"; path = "appl/libs/libg7221codec-arm64-apple-darwin_ios.a"; sourceTree = "<group>"; };
		3EA4B5811DDCAF2E00EB3181 /* libg7221codec-armv7s-apple-darwin_ios.a */ = {isa = PBXFileReference; lastKnownFileType = archive.ar; name = "libg7221codec-armv7s-apple-darwin_ios.a"; path = "appl/libs/libg7221codec-armv7s-apple-darwin_ios.a"; sourceTree = "<group>"; };
		3EA4B5821DDCAF2E00EB3181 /* libgsmcodec-arm64-apple-darwin_ios.a */ = {isa = PBXFileReference; lastKnownFileType = archive.ar; name = "libgsmcodec-arm64-apple-darwin_ios.a"; path = "appl/libs/libgsmcodec-arm64-apple-darwin_ios.a"; sourceTree = "<group>"; };
		3EA4B5831DDCAF2E00EB3181 /* libgsmcodec-armv7s-apple-darwin_ios.a */ = {isa = PBXFileReference; lastKnownFileType = archive.ar; name = "libgsmcodec-armv7s-apple-darwin_ios.a"; path = "appl/libs/libgsmcodec-armv7s-apple-darwin_ios.a"; sourceTree = "<group>"; };
		3EA4B5841DDCAF2E00EB3181 /* libilbccodec-arm64-apple-darwin_ios.a */ = {isa = PBXFileReference; lastKnownFileType = archive.ar; name = "libilbccodec-arm64-apple-darwin_ios.a"; path = "appl/libs/libilbccodec-arm64-apple-darwin_ios.a"; sourceTree = "<group>"; };
		3EA4B5851DDCAF2E00EB3181 /* libilbccodec-armv7s-apple-darwin_ios.a */ = {isa = PBXFileReference; lastKnownFileType = archive.ar; name = "libilbccodec-armv7s-apple-darwin_ios.a"; path = "appl/libs/libilbccodec-armv7s-apple-darwin_ios.a"; sourceTree = "<group>"; };
		3EA4B5861DDCAF2E00EB3181 /* libpj-arm64-apple-darwin_ios.a */ = {isa = PBXFileReference; lastKnownFileType = archive.ar; name = "libpj-arm64-apple-darwin_ios.a"; path = "appl/libs/libpj-arm64-apple-darwin_ios.a"; sourceTree = "<group>"; };
		3EA4B5871DDCAF2E00EB3181 /* libpj-armv7s-apple-darwin_ios.a */ = {isa = PBXFileReference; lastKnownFileType = archive.ar; name = "libpj-armv7s-apple-darwin_ios.a"; path = "appl/libs/libpj-armv7s-apple-darwin_ios.a"; sourceTree = "<group>"; };
		3EA4B5881DDCAF2E00EB3181 /* libpjlib-util-arm64-apple-darwin_ios.a */ = {isa = PBXFileReference; lastKnownFileType = archive.ar; name = "libpjlib-util-arm64-apple-darwin_ios.a"; path = "appl/libs/libpjlib-util-arm64-apple-darwin_ios.a"; sourceTree = "<group>"; };
		3EA4B5891DDCAF2E00EB3181 /* libpjlib-util-armv7s-apple-darwin_ios.a */ = {isa = PBXFileReference; lastKnownFileType = archive.ar; name = "libpjlib-util-armv7s-apple-darwin_ios.a"; path = "appl/libs/libpjlib-util-armv7s-apple-darwin_ios.a"; sourceTree = "<group>"; };
		3EA4B58A1DDCAF2E00EB3181 /* libpjmedia-arm64-apple-darwin_ios.a */ = {isa = PBXFileReference; lastKnownFileType = archive.ar; name = "libpjmedia-arm64-apple-darwin_ios.a"; path = "appl/libs/libpjmedia-arm64-apple-darwin_ios.a"; sourceTree = "<group>"; };
		3EA4B58B1DDCAF2E00EB3181 /* libpjmedia-armv7s-apple-darwin_ios.a */ = {isa = PBXFileReference; lastKnownFileType = archive.ar; name = "libpjmedia-armv7s-apple-darwin_ios.a"; path = "appl/libs/libpjmedia-armv7s-apple-darwin_ios.a"; sourceTree = "<group>"; };
		3EA4B58C1DDCAF2E00EB3181 /* libpjmedia-audiodev-arm64-apple-darwin_ios.a */ = {isa = PBXFileReference; lastKnownFileType = archive.ar; name = "libpjmedia-audiodev-arm64-apple-darwin_ios.a"; path = "appl/libs/libpjmedia-audiodev-arm64-apple-darwin_ios.a"; sourceTree = "<group>"; };
		3EA4B58D1DDCAF2E00EB3181 /* libpjmedia-audiodev-armv7s-apple-darwin_ios.a */ = {isa = PBXFileReference; lastKnownFileType = archive.ar; name = "libpjmedia-audiodev-armv7s-apple-darwin_ios.a"; path = "appl/libs/libpjmedia-audiodev-armv7s-apple-darwin_ios.a"; sourceTree = "<group>"; };
		3EA4B58E1DDCAF2F00EB3181 /* libpjmedia-codec-arm64-apple-darwin_ios.a */ = {isa = PBXFileReference; lastKnownFileType = archive.ar; name = "libpjmedia-codec-arm64-apple-darwin_ios.a"; path = "appl/libs/libpjmedia-codec-arm64-apple-darwin_ios.a"; sourceTree = "<group>"; };
		3EA4B58F1DDCAF2F00EB3181 /* libpjmedia-codec-armv7s-apple-darwin_ios.a */ = {isa = PBXFileReference; lastKnownFileType = archive.ar; name = "libpjmedia-codec-armv7s-apple-darwin_ios.a"; path = "appl/libs/libpjmedia-codec-armv7s-apple-darwin_ios.a"; sourceTree = "<group>"; };
		3EA4B5901DDCAF2F00EB3181 /* libpjmedia-videodev-arm64-apple-darwin_ios.a */ = {isa = PBXFileReference; lastKnownFileType = archive.ar; name = "libpjmedia-videodev-arm64-apple-darwin_ios.a"; path = "appl/libs/libpjmedia-videodev-arm64-apple-darwin_ios.a"; sourceTree = "<group>"; };
		3EA4B5911DDCAF2F00EB3181 /* libpjmedia-videodev-armv7s-apple-darwin_ios.a */ = {isa = PBXFileReference; lastKnownFileType = archive.ar; name = "libpjmedia-videodev-armv7s-apple-darwin_ios.a"; path = "appl/libs/libpjmedia-videodev-armv7s-apple-darwin_ios.a"; sourceTree = "<group>"; };
		3EA4B5921DDCAF2F00EB3181 /* libpjnath-arm64-apple-darwin_ios.a */ = {isa = PBXFileReference; lastKnownFileType = archive.ar; name = "libpjnath-arm64-apple-darwin_ios.a"; path = "appl/libs/libpjnath-arm64-apple-darwin_ios.a"; sourceTree = "<group>"; };
		3EA4B5931DDCAF2F00EB3181 /* libpjnath-armv7s-apple-darwin_ios.a */ = {isa = PBXFileReference; lastKnownFileType = archive.ar; name = "libpjnath-armv7s-apple-darwin_ios.a"; path = "appl/libs/libpjnath-armv7s-apple-darwin_ios.a"; sourceTree = "<group>"; };
		3EA4B5941DDCAF2F00EB3181 /* libpjsdp-arm64-apple-darwin_ios.a */ = {isa = PBXFileReference; lastKnownFileType = archive.ar; name = "libpjsdp-arm64-apple-darwin_ios.a"; path = "appl/libs/libpjsdp-arm64-apple-darwin_ios.a"; sourceTree = "<group>"; };
		3EA4B5951DDCAF2F00EB3181 /* libpjsdp-armv7s-apple-darwin_ios.a */ = {isa = PBXFileReference; lastKnownFileType = archive.ar; name = "libpjsdp-armv7s-apple-darwin_ios.a"; path = "appl/libs/libpjsdp-armv7s-apple-darwin_ios.a"; sourceTree = "<group>"; };
		3EA4B5961DDCAF2F00EB3181 /* libpjsip-arm64-apple-darwin_ios.a */ = {isa = PBXFileReference; lastKnownFileType = archive.ar; name = "libpjsip-arm64-apple-darwin_ios.a"; path = "appl/libs/libpjsip-arm64-apple-darwin_ios.a"; sourceTree = "<group>"; };
		3EA4B5971DDCAF2F00EB3181 /* libpjsip-armv7s-apple-darwin_ios.a */ = {isa = PBXFileReference; lastKnownFileType = archive.ar; name = "libpjsip-armv7s-apple-darwin_ios.a"; path = "appl/libs/libpjsip-armv7s-apple-darwin_ios.a"; sourceTree = "<group>"; };
		3EA4B5981DDCAF2F00EB3181 /* libpjsip-simple-arm64-apple-darwin_ios.a */ = {isa = PBXFileReference; lastKnownFileType = archive.ar; name = "libpjsip-simple-arm64-apple-darwin_ios.a"; path = "appl/libs/libpjsip-simple-arm64-apple-darwin_ios.a"; sourceTree = "<group>"; };
		3EA4B5991DDCAF2F00EB3181 /* libpjsip-simple-armv7s-apple-darwin_ios.a */ = {isa = PBXFileReference; lastKnownFileType = archive.ar; name = "libpjsip-simple-armv7s-apple-darwin_ios.a"; path = "appl/libs/libpjsip-simple-armv7s-apple-darwin_ios.a"; sourceTree = "<group>"; };
		3EA4B59A1DDCAF2F00EB3181 /* libpjsip-ua-arm64-apple-darwin_ios.a */ = {isa = PBXFileReference; lastKnownFileType = archive.ar; name = "libpjsip-ua-arm64-apple-darwin_ios.a"; path = "appl/libs/libpjsip-ua-arm64-apple-darwin_ios.a"; sourceTree = "<group>"; };
		3EA4B59B1DDCAF2F00EB3181 /* libpjsip-ua-armv7s-apple-darwin_ios.a */ = {isa = PBXFileReference; lastKnownFileType = archive.ar; name = "libpjsip-ua-armv7s-apple-darwin_ios.a"; path = "appl/libs/libpjsip-ua-armv7s-apple-darwin_ios.a"; sourceTree = "<group>"; };
		3EA4B59C1DDCAF2F00EB3181 /* libpjsua-arm64-apple-darwin_ios.a */ = {isa = PBXFileReference; lastKnownFileType = archive.ar; name = "libpjsua-arm64-apple-darwin_ios.a"; path = "appl/libs/libpjsua-arm64-apple-darwin_ios.a"; sourceTree = "<group>"; };
		3EA4B59D1DDCAF2F00EB3181 /* libpjsua-armv7s-apple-darwin_ios.a */ = {isa = PBXFileReference; lastKnownFileType = archive.ar; name = "libpjsua-armv7s-apple-darwin_ios.a"; path = "appl/libs/libpjsua-armv7s-apple-darwin_ios.a"; sourceTree = "<group>"; };
		3EA4B59E1DDCAF2F00EB3181 /* libpjsua2-arm64-apple-darwin_ios.a */ = {isa = PBXFileReference; lastKnownFileType = archive.ar; name = "libpjsua2-arm64-apple-darwin_ios.a"; path = "appl/libs/libpjsua2-arm64-apple-darwin_ios.a"; sourceTree = "<group>"; };
		3EA4B59F1DDCAF2F00EB3181 /* libpjsua2-armv7s-apple-darwin_ios.a */ = {isa = PBXFileReference; lastKnownFileType = archive.ar; name = "libpjsua2-armv7s-apple-darwin_ios.a"; path = "appl/libs/libpjsua2-armv7s-apple-darwin_ios.a"; sourceTree = "<group>"; };
		3EA4B5A01DDCAF2F00EB3181 /* libresample-arm64-apple-darwin_ios.a */ = {isa = PBXFileReference; lastKnownFileType = archive.ar; name = "libresample-arm64-apple-darwin_ios.a"; path = "appl/libs/libresample-arm64-apple-darwin_ios.a"; sourceTree = "<group>"; };
		3EA4B5A11DDCAF2F00EB3181 /* libresample-armv7s-apple-darwin_ios.a */ = {isa = PBXFileReference; lastKnownFileType = archive.ar; name = "libresample-armv7s-apple-darwin_ios.a"; path = "appl/libs/libresample-armv7s-apple-darwin_ios.a"; sourceTree = "<group>"; };
		3EA4B5A21DDCAF2F00EB3181 /* libspeex-arm64-apple-darwin_ios.a */ = {isa = PBXFileReference; lastKnownFileType = archive.ar; name = "libspeex-arm64-apple-darwin_ios.a"; path = "appl/libs/libspeex-arm64-apple-darwin_ios.a"; sourceTree = "<group>"; };
		3EA4B5A31DDCAF2F00EB3181 /* libspeex-armv7s-apple-darwin_ios.a */ = {isa = PBXFileReference; lastKnownFileType = archive.ar; name = "libspeex-armv7s-apple-darwin_ios.a"; path = "appl/libs/libspeex-armv7s-apple-darwin_ios.a"; sourceTree = "<group>"; };
		3EA4B5A41DDCAF2F00EB3181 /* libsrtp-arm64-apple-darwin_ios.a */ = {isa = PBXFileReference; lastKnownFileType = archive.ar; name = "libsrtp-arm64-apple-darwin_ios.a"; path = "appl/libs/libsrtp-arm64-apple-darwin_ios.a"; sourceTree = "<group>"; };
		3EA4B5A51DDCAF2F00EB3181 /* libsrtp-armv7s-apple-darwin_ios.a */ = {isa = PBXFileReference; lastKnownFileType = archive.ar; name = "libsrtp-armv7s-apple-darwin_ios.a"; path = "appl/libs/libsrtp-armv7s-apple-darwin_ios.a"; sourceTree = "<group>"; };
		3EA4B5A61DDCAF2F00EB3181 /* libyuv-arm64-apple-darwin_ios.a */ = {isa = PBXFileReference; lastKnownFileType = archive.ar; name = "libyuv-arm64-apple-darwin_ios.a"; path = "appl/libs/libyuv-arm64-apple-darwin_ios.a"; sourceTree = "<group>"; };
		3EA4B5A71DDCAF2F00EB3181 /* libyuv-armv7s-apple-darwin_ios.a */ = {isa = PBXFileReference; lastKnownFileType = archive.ar; name = "libyuv-armv7s-apple-darwin_ios.a"; path = "appl/libs/libyuv-armv7s-apple-darwin_ios.a"; sourceTree = "<group>"; };
		3EDD0A331DCA5F5C00C3D0FF /* CoreFoundation.framework */ = {isa = PBXFileReference; lastKnownFileType = wrapper.framework; name = CoreFoundation.framework; path = System/Library/Frameworks/CoreFoundation.framework; sourceTree = SDKROOT; };
		3EDD0A341DCA5F5C00C3D0FF /* Foundation.framework */ = {isa = PBXFileReference; lastKnownFileType = wrapper.framework; name = Foundation.framework; path = System/Library/Frameworks/Foundation.framework; sourceTree = SDKROOT; };
		3EE7835C1DBD17FD0076C3EF /* AudioToolbox.framework */ = {isa = PBXFileReference; lastKnownFileType = wrapper.framework; name = AudioToolbox.framework; path = System/Library/Frameworks/AudioToolbox.framework; sourceTree = SDKROOT; };
		3EE7835D1DBD17FD0076C3EF /* AVFoundation.framework */ = {isa = PBXFileReference; lastKnownFileType = wrapper.framework; name = AVFoundation.framework; path = System/Library/Frameworks/AVFoundation.framework; sourceTree = SDKROOT; };
		3EE7835E1DBD17FD0076C3EF /* CFNetwork.framework */ = {isa = PBXFileReference; lastKnownFileType = wrapper.framework; name = CFNetwork.framework; path = System/Library/Frameworks/CFNetwork.framework; sourceTree = SDKROOT; };
/* End PBXFileReference section */

/* Begin PBXFrameworksBuildPhase section */
		3E0D12071DBB8E9500BEFB38 /* Frameworks */ = {
			isa = PBXFrameworksBuildPhase;
			buildActionMask = 2147483647;
			files = (
				3EA4B5A81DDCAF2F00EB3181 /* libg7221codec-arm64-apple-darwin_ios.a in Frameworks */,
				3EA4B5A91DDCAF2F00EB3181 /* libg7221codec-armv7s-apple-darwin_ios.a in Frameworks */,
				3EA4B5AA1DDCAF2F00EB3181 /* libgsmcodec-arm64-apple-darwin_ios.a in Frameworks */,
				3EA4B5AB1DDCAF2F00EB3181 /* libgsmcodec-armv7s-apple-darwin_ios.a in Frameworks */,
				3EA4B5AC1DDCAF2F00EB3181 /* libilbccodec-arm64-apple-darwin_ios.a in Frameworks */,
				3EA4B5AD1DDCAF2F00EB3181 /* libilbccodec-armv7s-apple-darwin_ios.a in Frameworks */,
				3EA4B5AE1DDCAF2F00EB3181 /* libpj-arm64-apple-darwin_ios.a in Frameworks */,
				3EA4B5AF1DDCAF2F00EB3181 /* libpj-armv7s-apple-darwin_ios.a in Frameworks */,
				3EA4B5B01DDCAF2F00EB3181 /* libpjlib-util-arm64-apple-darwin_ios.a in Frameworks */,
				3EA4B5B11DDCAF2F00EB3181 /* libpjlib-util-armv7s-apple-darwin_ios.a in Frameworks */,
				3EA4B5B21DDCAF2F00EB3181 /* libpjmedia-arm64-apple-darwin_ios.a in Frameworks */,
				3EA4B5B31DDCAF2F00EB3181 /* libpjmedia-armv7s-apple-darwin_ios.a in Frameworks */,
				3EA4B5B41DDCAF2F00EB3181 /* libpjmedia-audiodev-arm64-apple-darwin_ios.a in Frameworks */,
				3EA4B5B51DDCAF2F00EB3181 /* libpjmedia-audiodev-armv7s-apple-darwin_ios.a in Frameworks */,
				3EA4B5B61DDCAF2F00EB3181 /* libpjmedia-codec-arm64-apple-darwin_ios.a in Frameworks */,
				3EA4B5B71DDCAF2F00EB3181 /* libpjmedia-codec-armv7s-apple-darwin_ios.a in Frameworks */,
				3EA4B5B81DDCAF2F00EB3181 /* libpjmedia-videodev-arm64-apple-darwin_ios.a in Frameworks */,
				3EA4B5B91DDCAF2F00EB3181 /* libpjmedia-videodev-armv7s-apple-darwin_ios.a in Frameworks */,
				3EA4B5BA1DDCAF2F00EB3181 /* libpjnath-arm64-apple-darwin_ios.a in Frameworks */,
				3EA4B5BB1DDCAF2F00EB3181 /* libpjnath-armv7s-apple-darwin_ios.a in Frameworks */,
				3EA4B5BC1DDCAF2F00EB3181 /* libpjsdp-arm64-apple-darwin_ios.a in Frameworks */,
				3EA4B5BD1DDCAF2F00EB3181 /* libpjsdp-armv7s-apple-darwin_ios.a in Frameworks */,
				3EA4B5BE1DDCAF2F00EB3181 /* libpjsip-arm64-apple-darwin_ios.a in Frameworks */,
				3EA4B5BF1DDCAF2F00EB3181 /* libpjsip-armv7s-apple-darwin_ios.a in Frameworks */,
				3EA4B5C01DDCAF2F00EB3181 /* libpjsip-simple-arm64-apple-darwin_ios.a in Frameworks */,
				3EA4B5C11DDCAF2F00EB3181 /* libpjsip-simple-armv7s-apple-darwin_ios.a in Frameworks */,
				3EA4B5C21DDCAF2F00EB3181 /* libpjsip-ua-arm64-apple-darwin_ios.a in Frameworks */,
				3EA4B5C31DDCAF2F00EB3181 /* libpjsip-ua-armv7s-apple-darwin_ios.a in Frameworks */,
				3EA4B5C41DDCAF2F00EB3181 /* libpjsua-arm64-apple-darwin_ios.a in Frameworks */,
				3EA4B5C51DDCAF2F00EB3181 /* libpjsua-armv7s-apple-darwin_ios.a in Frameworks */,
				3EA4B5C61DDCAF2F00EB3181 /* libpjsua2-arm64-apple-darwin_ios.a in Frameworks */,
				3EA4B5C71DDCAF2F00EB3181 /* libpjsua2-armv7s-apple-darwin_ios.a in Frameworks */,
				3EA4B5C81DDCAF2F00EB3181 /* libresample-arm64-apple-darwin_ios.a in Frameworks */,
				3EA4B5C91DDCAF2F00EB3181 /* libresample-armv7s-apple-darwin_ios.a in Frameworks */,
				3EA4B5CA1DDCAF2F00EB3181 /* libspeex-arm64-apple-darwin_ios.a in Frameworks */,
				3EA4B5CB1DDCAF2F00EB3181 /* libspeex-armv7s-apple-darwin_ios.a in Frameworks */,
				3EA4B5CC1DDCAF2F00EB3181 /* libsrtp-arm64-apple-darwin_ios.a in Frameworks */,
				3EA4B5CD1DDCAF2F00EB3181 /* libsrtp-armv7s-apple-darwin_ios.a in Frameworks */,
				3EA4B5CE1DDCAF2F00EB3181 /* libyuv-arm64-apple-darwin_ios.a in Frameworks */,
				3EA4B5CF1DDCAF2F00EB3181 /* libyuv-armv7s-apple-darwin_ios.a in Frameworks */,
				3E3B1FDB1DCB419C0099DA83 /* libg7221codec-i386-apple-darwin_ios.a in Frameworks */,
				3E3B20031DCB419D0099DA83 /* libg7221codec-x86_64-apple-darwin_ios.a in Frameworks */,
				3E3B1FDC1DCB419C0099DA83 /* libgsmcodec-i386-apple-darwin_ios.a in Frameworks */,
				3E3B20041DCB419D0099DA83 /* libgsmcodec-x86_64-apple-darwin_ios.a in Frameworks */,
				3E3B1FDD1DCB419C0099DA83 /* libilbccodec-i386-apple-darwin_ios.a in Frameworks */,
				3E3B20051DCB419D0099DA83 /* libilbccodec-x86_64-apple-darwin_ios.a in Frameworks */,
				3E3B1FDE1DCB419C0099DA83 /* libpj-i386-apple-darwin_ios.a in Frameworks */,
				3E3B20061DCB419D0099DA83 /* libpj-x86_64-apple-darwin_ios.a in Frameworks */,
				3E3B1FDF1DCB419C0099DA83 /* libpjlib-util-i386-apple-darwin_ios.a in Frameworks */,
				3E3B20071DCB419D0099DA83 /* libpjlib-util-x86_64-apple-darwin_ios.a in Frameworks */,
				3E3B1FE01DCB419C0099DA83 /* libpjmedia-audiodev-i386-apple-darwin_ios.a in Frameworks */,
				3E3B20081DCB419D0099DA83 /* libpjmedia-audiodev-x86_64-apple-darwin_ios.a in Frameworks */,
				3E3B1FE11DCB419C0099DA83 /* libpjmedia-codec-i386-apple-darwin_ios.a in Frameworks */,
				3E3B20091DCB419D0099DA83 /* libpjmedia-codec-x86_64-apple-darwin_ios.a in Frameworks */,
				3E3B1FE21DCB419C0099DA83 /* libpjmedia-i386-apple-darwin_ios.a in Frameworks */,
				3E3B1FE31DCB419C0099DA83 /* libpjmedia-videodev-i386-apple-darwin_ios.a in Frameworks */,
				3E3B200A1DCB419D0099DA83 /* libpjmedia-videodev-x86_64-apple-darwin_ios.a in Frameworks */,
				3E3B200B1DCB419D0099DA83 /* libpjmedia-x86_64-apple-darwin_ios.a in Frameworks */,
				3E3B1FE41DCB419C0099DA83 /* libpjnath-i386-apple-darwin_ios.a in Frameworks */,
				3E3B200C1DCB419D0099DA83 /* libpjnath-x86_64-apple-darwin_ios.a in Frameworks */,
				3E3B1FE51DCB419C0099DA83 /* libpjsdp-i386-apple-darwin_ios.a in Frameworks */,
				3E3B200D1DCB419D0099DA83 /* libpjsdp-x86_64-apple-darwin_ios.a in Frameworks */,
				3E3B1FE61DCB419C0099DA83 /* libpjsip-i386-apple-darwin_ios.a in Frameworks */,
				3E3B1FE71DCB419C0099DA83 /* libpjsip-simple-i386-apple-darwin_ios.a in Frameworks */,
				3E3B200E1DCB419D0099DA83 /* libpjsip-simple-x86_64-apple-darwin_ios.a in Frameworks */,
				3E3B1FE81DCB419C0099DA83 /* libpjsip-ua-i386-apple-darwin_ios.a in Frameworks */,
				3E3B200F1DCB419D0099DA83 /* libpjsip-ua-x86_64-apple-darwin_ios.a in Frameworks */,
				3E3B20101DCB419D0099DA83 /* libpjsip-x86_64-apple-darwin_ios.a in Frameworks */,
				3E3B1FE91DCB419C0099DA83 /* libpjsua-i386-apple-darwin_ios.a in Frameworks */,
				3E3B20111DCB419D0099DA83 /* libpjsua-x86_64-apple-darwin_ios.a in Frameworks */,
				3E3B1FEA1DCB419C0099DA83 /* libpjsua2-i386-apple-darwin_ios.a in Frameworks */,
				3E3B20121DCB419D0099DA83 /* libpjsua2-x86_64-apple-darwin_ios.a in Frameworks */,
				3E3B1FEB1DCB419C0099DA83 /* libresample-i386-apple-darwin_ios.a in Frameworks */,
				3E3B20131DCB419D0099DA83 /* libresample-x86_64-apple-darwin_ios.a in Frameworks */,
				3E3B1FEC1DCB419C0099DA83 /* libspeex-i386-apple-darwin_ios.a in Frameworks */,
				3E3B20141DCB419D0099DA83 /* libspeex-x86_64-apple-darwin_ios.a in Frameworks */,
				3E3B1FED1DCB419C0099DA83 /* libsrtp-i386-apple-darwin_ios.a in Frameworks */,
				3E3B20151DCB419D0099DA83 /* libsrtp-x86_64-apple-darwin_ios.a in Frameworks */,
				3E3B1FEE1DCB419C0099DA83 /* libyuv-i386-apple-darwin_ios.a in Frameworks */,
				3E3B20161DCB419D0099DA83 /* libyuv-x86_64-apple-darwin_ios.a in Frameworks */,
				3EDD0A351DCA5F5C00C3D0FF /* CoreFoundation.framework in Frameworks */,
				3EDD0A361DCA5F5C00C3D0FF /* Foundation.framework in Frameworks */,
				3EE7835F1DBD17FE0076C3EF /* AudioToolbox.framework in Frameworks */,
				3EE783601DBD17FE0076C3EF /* AVFoundation.framework in Frameworks */,
				3EE783611DBD17FE0076C3EF /* CFNetwork.framework in Frameworks */,
			);
			runOnlyForDeploymentPostprocessing = 0;
		};
/* End PBXFrameworksBuildPhase section */

/* Begin PBXGroup section */
		3E0D12011DBB8E9500BEFB38 = {
			isa = PBXGroup;
			children = (
				3E0D120C1DBB8E9800BEFB38 /* appl */,
				3E0D120B1DBB8E9800BEFB38 /* Products */,
				3EE783311DBD0E340076C3EF /* Frameworks */,
			);
			sourceTree = "<group>";
		};
		3E0D120B1DBB8E9800BEFB38 /* Products */ = {
			isa = PBXGroup;
			children = (
				3E0D120A1DBB8E9800BEFB38 /* appl.app */,
			);
			name = Products;
			sourceTree = "<group>";
		};
		3E0D120C1DBB8E9800BEFB38 /* appl */ = {
			isa = PBXGroup;
			children = (
				3E0853B51DCB36FB00AF5DB4 /* libs */,
				3E6A74FD1DCA69EF0042DB34 /* pjsip-include */,
				3E8353841DC78B1100DD5AF6 /* CallScreenViewController.h */,
				3E8353851DC78B1100DD5AF6 /* CallScreenViewController.m */,
				3E0D12101DBB8E9800BEFB38 /* AppDelegate.h */,
				3E0D12111DBB8E9800BEFB38 /* AppDelegate.m */,
				3E0D12131DBB8E9800BEFB38 /* ViewController.h */,
				3E8353871DC78F9200DD5AF6 /* phone-circle-red-2-128.png */,
				3E0D12141DBB8E9800BEFB38 /* ViewController.m */,
				3E0D12161DBB8E9800BEFB38 /* Main.storyboard */,
				3E96FE0B1DC69DB3006D1BD1 /* ContactsScreenViewController.h */,
				3E96FE0C1DC69DB3006D1BD1 /* ContactsScreenViewController.m */,
				3E0D12191DBB8E9800BEFB38 /* Assets.xcassets */,
				3E0D121B1DBB8E9800BEFB38 /* LaunchScreen.storyboard */,
				3E0D121E1DBB8E9800BEFB38 /* Info.plist */,
				3E0D120D1DBB8E9800BEFB38 /* Supporting Files */,
			);
			path = appl;
			sourceTree = "<group>";
		};
		3E0D120D1DBB8E9800BEFB38 /* Supporting Files */ = {
			isa = PBXGroup;
			children = (
				3E0D120E1DBB8E9800BEFB38 /* main.m */,
			);
			name = "Supporting Files";
			sourceTree = "<group>";
		};
		3EE783311DBD0E340076C3EF /* Frameworks */ = {
			isa = PBXGroup;
			children = (
				3EA4B5801DDCAF2E00EB3181 /* libg7221codec-arm64-apple-darwin_ios.a */,
				3EA4B5811DDCAF2E00EB3181 /* libg7221codec-armv7s-apple-darwin_ios.a */,
				3EA4B5821DDCAF2E00EB3181 /* libgsmcodec-arm64-apple-darwin_ios.a */,
				3EA4B5831DDCAF2E00EB3181 /* libgsmcodec-armv7s-apple-darwin_ios.a */,
				3EA4B5841DDCAF2E00EB3181 /* libilbccodec-arm64-apple-darwin_ios.a */,
				3EA4B5851DDCAF2E00EB3181 /* libilbccodec-armv7s-apple-darwin_ios.a */,
				3EA4B5861DDCAF2E00EB3181 /* libpj-arm64-apple-darwin_ios.a */,
				3EA4B5871DDCAF2E00EB3181 /* libpj-armv7s-apple-darwin_ios.a */,
				3EA4B5881DDCAF2E00EB3181 /* libpjlib-util-arm64-apple-darwin_ios.a */,
				3EA4B5891DDCAF2E00EB3181 /* libpjlib-util-armv7s-apple-darwin_ios.a */,
				3EA4B58A1DDCAF2E00EB3181 /* libpjmedia-arm64-apple-darwin_ios.a */,
				3EA4B58B1DDCAF2E00EB3181 /* libpjmedia-armv7s-apple-darwin_ios.a */,
				3EA4B58C1DDCAF2E00EB3181 /* libpjmedia-audiodev-arm64-apple-darwin_ios.a */,
				3EA4B58D1DDCAF2E00EB3181 /* libpjmedia-audiodev-armv7s-apple-darwin_ios.a */,
				3EA4B58E1DDCAF2F00EB3181 /* libpjmedia-codec-arm64-apple-darwin_ios.a */,
				3EA4B58F1DDCAF2F00EB3181 /* libpjmedia-codec-armv7s-apple-darwin_ios.a */,
				3EA4B5901DDCAF2F00EB3181 /* libpjmedia-videodev-arm64-apple-darwin_ios.a */,
				3EA4B5911DDCAF2F00EB3181 /* libpjmedia-videodev-armv7s-apple-darwin_ios.a */,
				3EA4B5921DDCAF2F00EB3181 /* libpjnath-arm64-apple-darwin_ios.a */,
				3EA4B5931DDCAF2F00EB3181 /* libpjnath-armv7s-apple-darwin_ios.a */,
				3EA4B5941DDCAF2F00EB3181 /* libpjsdp-arm64-apple-darwin_ios.a */,
				3EA4B5951DDCAF2F00EB3181 /* libpjsdp-armv7s-apple-darwin_ios.a */,
				3EA4B5961DDCAF2F00EB3181 /* libpjsip-arm64-apple-darwin_ios.a */,
				3EA4B5971DDCAF2F00EB3181 /* libpjsip-armv7s-apple-darwin_ios.a */,
				3EA4B5981DDCAF2F00EB3181 /* libpjsip-simple-arm64-apple-darwin_ios.a */,
				3EA4B5991DDCAF2F00EB3181 /* libpjsip-simple-armv7s-apple-darwin_ios.a */,
				3EA4B59A1DDCAF2F00EB3181 /* libpjsip-ua-arm64-apple-darwin_ios.a */,
				3EA4B59B1DDCAF2F00EB3181 /* libpjsip-ua-armv7s-apple-darwin_ios.a */,
				3EA4B59C1DDCAF2F00EB3181 /* libpjsua-arm64-apple-darwin_ios.a */,
				3EA4B59D1DDCAF2F00EB3181 /* libpjsua-armv7s-apple-darwin_ios.a */,
				3EA4B59E1DDCAF2F00EB3181 /* libpjsua2-arm64-apple-darwin_ios.a */,
				3EA4B59F1DDCAF2F00EB3181 /* libpjsua2-armv7s-apple-darwin_ios.a */,
				3EA4B5A01DDCAF2F00EB3181 /* libresample-arm64-apple-darwin_ios.a */,
				3EA4B5A11DDCAF2F00EB3181 /* libresample-armv7s-apple-darwin_ios.a */,
				3EA4B5A21DDCAF2F00EB3181 /* libspeex-arm64-apple-darwin_ios.a */,
				3EA4B5A31DDCAF2F00EB3181 /* libspeex-armv7s-apple-darwin_ios.a */,
				3EA4B5A41DDCAF2F00EB3181 /* libsrtp-arm64-apple-darwin_ios.a */,
				3EA4B5A51DDCAF2F00EB3181 /* libsrtp-armv7s-apple-darwin_ios.a */,
				3EA4B5A61DDCAF2F00EB3181 /* libyuv-arm64-apple-darwin_ios.a */,
				3EA4B5A71DDCAF2F00EB3181 /* libyuv-armv7s-apple-darwin_ios.a */,
				3E3B1FEF1DCB419D0099DA83 /* libg7221codec-x86_64-apple-darwin_ios.a */,
				3E3B1FF01DCB419D0099DA83 /* libgsmcodec-x86_64-apple-darwin_ios.a */,
				3E3B1FF11DCB419D0099DA83 /* libilbccodec-x86_64-apple-darwin_ios.a */,
				3E3B1FF21DCB419D0099DA83 /* libpj-x86_64-apple-darwin_ios.a */,
				3E3B1FF31DCB419D0099DA83 /* libpjlib-util-x86_64-apple-darwin_ios.a */,
				3E3B1FF41DCB419D0099DA83 /* libpjmedia-audiodev-x86_64-apple-darwin_ios.a */,
				3E3B1FF51DCB419D0099DA83 /* libpjmedia-codec-x86_64-apple-darwin_ios.a */,
				3E3B1FF61DCB419D0099DA83 /* libpjmedia-videodev-x86_64-apple-darwin_ios.a */,
				3E3B1FF71DCB419D0099DA83 /* libpjmedia-x86_64-apple-darwin_ios.a */,
				3E3B1FF81DCB419D0099DA83 /* libpjnath-x86_64-apple-darwin_ios.a */,
				3E3B1FF91DCB419D0099DA83 /* libpjsdp-x86_64-apple-darwin_ios.a */,
				3E3B1FFA1DCB419D0099DA83 /* libpjsip-simple-x86_64-apple-darwin_ios.a */,
				3E3B1FFB1DCB419D0099DA83 /* libpjsip-ua-x86_64-apple-darwin_ios.a */,
				3E3B1FFC1DCB419D0099DA83 /* libpjsip-x86_64-apple-darwin_ios.a */,
				3E3B1FFD1DCB419D0099DA83 /* libpjsua-x86_64-apple-darwin_ios.a */,
				3E3B1FFE1DCB419D0099DA83 /* libpjsua2-x86_64-apple-darwin_ios.a */,
				3E3B1FFF1DCB419D0099DA83 /* libresample-x86_64-apple-darwin_ios.a */,
				3E3B20001DCB419D0099DA83 /* libspeex-x86_64-apple-darwin_ios.a */,
				3E3B20011DCB419D0099DA83 /* libsrtp-x86_64-apple-darwin_ios.a */,
				3E3B20021DCB419D0099DA83 /* libyuv-x86_64-apple-darwin_ios.a */,
				3E0853B71DCB378100AF5DB4 /* libg7221codec-i386-apple-darwin_ios.a */,
				3E0853B81DCB378100AF5DB4 /* libgsmcodec-i386-apple-darwin_ios.a */,
				3E0853B91DCB378100AF5DB4 /* libilbccodec-i386-apple-darwin_ios.a */,
				3E0853BA1DCB378100AF5DB4 /* libpj-i386-apple-darwin_ios.a */,
				3E0853BB1DCB378100AF5DB4 /* libpjlib-util-i386-apple-darwin_ios.a */,
				3E0853BC1DCB378100AF5DB4 /* libpjmedia-audiodev-i386-apple-darwin_ios.a */,
				3E0853BD1DCB378100AF5DB4 /* libpjmedia-codec-i386-apple-darwin_ios.a */,
				3E0853BE1DCB378100AF5DB4 /* libpjmedia-i386-apple-darwin_ios.a */,
				3E0853BF1DCB378100AF5DB4 /* libpjmedia-videodev-i386-apple-darwin_ios.a */,
				3E0853C01DCB378100AF5DB4 /* libpjnath-i386-apple-darwin_ios.a */,
				3E0853C11DCB378100AF5DB4 /* libpjsdp-i386-apple-darwin_ios.a */,
				3E0853C21DCB378100AF5DB4 /* libpjsip-i386-apple-darwin_ios.a */,
				3E0853C31DCB378100AF5DB4 /* libpjsip-simple-i386-apple-darwin_ios.a */,
				3E0853C41DCB378100AF5DB4 /* libpjsip-ua-i386-apple-darwin_ios.a */,
				3E0853C51DCB378100AF5DB4 /* libpjsua-i386-apple-darwin_ios.a */,
				3E0853C61DCB378100AF5DB4 /* libpjsua2-i386-apple-darwin_ios.a */,
				3E0853C71DCB378100AF5DB4 /* libresample-i386-apple-darwin_ios.a */,
				3E0853C81DCB378100AF5DB4 /* libspeex-i386-apple-darwin_ios.a */,
				3E0853C91DCB378100AF5DB4 /* libsrtp-i386-apple-darwin_ios.a */,
				3E0853CA1DCB378100AF5DB4 /* libyuv-i386-apple-darwin_ios.a */,
				3EDD0A331DCA5F5C00C3D0FF /* CoreFoundation.framework */,
				3EDD0A341DCA5F5C00C3D0FF /* Foundation.framework */,
				3EE7835C1DBD17FD0076C3EF /* AudioToolbox.framework */,
				3EE7835D1DBD17FD0076C3EF /* AVFoundation.framework */,
				3EE7835E1DBD17FD0076C3EF /* CFNetwork.framework */,
			);
			name = Frameworks;
			sourceTree = "<group>";
		};
/* End PBXGroup section */

/* Begin PBXNativeTarget section */
		3E0D12091DBB8E9500BEFB38 /* appl */ = {
			isa = PBXNativeTarget;
			buildConfigurationList = 3E0D12211DBB8E9800BEFB38 /* Build configuration list for PBXNativeTarget "appl" */;
			buildPhases = (
				3E0D12061DBB8E9500BEFB38 /* Sources */,
				3E0D12071DBB8E9500BEFB38 /* Frameworks */,
				3E0D12081DBB8E9500BEFB38 /* Resources */,
			);
			buildRules = (
			);
			dependencies = (
			);
			name = appl;
			productName = appl;
			productReference = 3E0D120A1DBB8E9800BEFB38 /* appl.app */;
			productType = "com.apple.product-type.application";
		};
/* End PBXNativeTarget section */

/* Begin PBXProject section */
		3E0D12021DBB8E9500BEFB38 /* Project object */ = {
			isa = PBXProject;
			attributes = {
				LastUpgradeCheck = 0800;
				ORGANIZATIONNAME = Kicin;
				TargetAttributes = {
					3E0D12091DBB8E9500BEFB38 = {
						CreatedOnToolsVersion = 8.0;
						DevelopmentTeam = FK74ME29UU;
						ProvisioningStyle = Automatic;
					};
				};
			};
			buildConfigurationList = 3E0D12051DBB8E9500BEFB38 /* Build configuration list for PBXProject "appl" */;
			compatibilityVersion = "Xcode 3.2";
			developmentRegion = English;
			hasScannedForEncodings = 0;
			knownRegions = (
				en,
				Base,
			);
			mainGroup = 3E0D12011DBB8E9500BEFB38;
			productRefGroup = 3E0D120B1DBB8E9800BEFB38 /* Products */;
			projectDirPath = "";
			projectRoot = "";
			targets = (
				3E0D12091DBB8E9500BEFB38 /* appl */,
			);
		};
/* End PBXProject section */

/* Begin PBXResourcesBuildPhase section */
		3E0D12081DBB8E9500BEFB38 /* Resources */ = {
			isa = PBXResourcesBuildPhase;
			buildActionMask = 2147483647;
			files = (
				3E0D121D1DBB8E9800BEFB38 /* LaunchScreen.storyboard in Resources */,
				3E8353881DC78F9200DD5AF6 /* phone-circle-red-2-128.png in Resources */,
				3E0D121A1DBB8E9800BEFB38 /* Assets.xcassets in Resources */,
				3E6A74FE1DCA69EF0042DB34 /* pjsip-include in Resources */,
				3E0853B61DCB36FB00AF5DB4 /* libs in Resources */,
				3E0D12181DBB8E9800BEFB38 /* Main.storyboard in Resources */,
			);
			runOnlyForDeploymentPostprocessing = 0;
		};
/* End PBXResourcesBuildPhase section */

/* Begin PBXSourcesBuildPhase section */
		3E0D12061DBB8E9500BEFB38 /* Sources */ = {
			isa = PBXSourcesBuildPhase;
			buildActionMask = 2147483647;
			files = (
				3E0B656B1DCB273F00A16BB6 /* CallScreenViewController.m in Sources */,
				3E0D12151DBB8E9800BEFB38 /* ViewController.m in Sources */,
				3E0D12121DBB8E9800BEFB38 /* AppDelegate.m in Sources */,
				3E0D120F1DBB8E9800BEFB38 /* main.m in Sources */,
				3E96FE0D1DC69DB3006D1BD1 /* ContactsScreenViewController.m in Sources */,
			);
			runOnlyForDeploymentPostprocessing = 0;
		};
/* End PBXSourcesBuildPhase section */

/* Begin PBXVariantGroup section */
		3E0D12161DBB8E9800BEFB38 /* Main.storyboard */ = {
			isa = PBXVariantGroup;
			children = (
				3E0D12171DBB8E9800BEFB38 /* Base */,
			);
			name = Main.storyboard;
			sourceTree = "<group>";
		};
		3E0D121B1DBB8E9800BEFB38 /* LaunchScreen.storyboard */ = {
			isa = PBXVariantGroup;
			children = (
				3E0D121C1DBB8E9800BEFB38 /* Base */,
			);
			name = LaunchScreen.storyboard;
			sourceTree = "<group>";
		};
/* End PBXVariantGroup section */

/* Begin XCBuildConfiguration section */
		3E0D121F1DBB8E9800BEFB38 /* Debug */ = {
			isa = XCBuildConfiguration;
			buildSettings = {
				ALWAYS_SEARCH_USER_PATHS = NO;
				CLANG_ANALYZER_NONNULL = YES;
				CLANG_CXX_LANGUAGE_STANDARD = "gnu++0x";
				CLANG_CXX_LIBRARY = "libc++";
				CLANG_ENABLE_MODULES = YES;
				CLANG_ENABLE_OBJC_ARC = YES;
				CLANG_WARN_BOOL_CONVERSION = YES;
				CLANG_WARN_CONSTANT_CONVERSION = YES;
				CLANG_WARN_DIRECT_OBJC_ISA_USAGE = YES_ERROR;
				CLANG_WARN_DOCUMENTATION_COMMENTS = YES;
				CLANG_WARN_EMPTY_BODY = YES;
				CLANG_WARN_ENUM_CONVERSION = YES;
				CLANG_WARN_INFINITE_RECURSION = YES;
				CLANG_WARN_INT_CONVERSION = YES;
				CLANG_WARN_OBJC_ROOT_CLASS = YES_ERROR;
				CLANG_WARN_SUSPICIOUS_MOVES = YES;
				CLANG_WARN_UNREACHABLE_CODE = YES;
				CLANG_WARN__DUPLICATE_METHOD_MATCH = YES;
				"CODE_SIGN_IDENTITY[sdk=iphoneos*]" = "iPhone Developer";
				COPY_PHASE_STRIP = NO;
				DEBUG_INFORMATION_FORMAT = dwarf;
				ENABLE_STRICT_OBJC_MSGSEND = YES;
				ENABLE_TESTABILITY = YES;
				GCC_C_LANGUAGE_STANDARD = gnu99;
				GCC_DYNAMIC_NO_PIC = NO;
				GCC_NO_COMMON_BLOCKS = YES;
				GCC_OPTIMIZATION_LEVEL = 0;
				GCC_PREPROCESSOR_DEFINITIONS = (
					"DEBUG=1",
					"$(inherited)",
				);
				GCC_WARN_64_TO_32_BIT_CONVERSION = YES;
				GCC_WARN_ABOUT_RETURN_TYPE = YES_ERROR;
				GCC_WARN_UNDECLARED_SELECTOR = YES;
				GCC_WARN_UNINITIALIZED_AUTOS = YES_AGGRESSIVE;
				GCC_WARN_UNUSED_FUNCTION = YES;
				GCC_WARN_UNUSED_VARIABLE = YES;
				IPHONEOS_DEPLOYMENT_TARGET = 10.0;
				MTL_ENABLE_DEBUG_INFO = YES;
				ONLY_ACTIVE_ARCH = YES;
				SDKROOT = iphoneos;
				TARGETED_DEVICE_FAMILY = "1,2";
			};
			name = Debug;
		};
		3E0D12201DBB8E9800BEFB38 /* Release */ = {
			isa = XCBuildConfiguration;
			buildSettings = {
				ALWAYS_SEARCH_USER_PATHS = NO;
				CLANG_ANALYZER_NONNULL = YES;
				CLANG_CXX_LANGUAGE_STANDARD = "gnu++0x";
				CLANG_CXX_LIBRARY = "libc++";
				CLANG_ENABLE_MODULES = YES;
				CLANG_ENABLE_OBJC_ARC = YES;
				CLANG_WARN_BOOL_CONVERSION = YES;
				CLANG_WARN_CONSTANT_CONVERSION = YES;
				CLANG_WARN_DIRECT_OBJC_ISA_USAGE = YES_ERROR;
				CLANG_WARN_DOCUMENTATION_COMMENTS = YES;
				CLANG_WARN_EMPTY_BODY = YES;
				CLANG_WARN_ENUM_CONVERSION = YES;
				CLANG_WARN_INFINITE_RECURSION = YES;
				CLANG_WARN_INT_CONVERSION = YES;
				CLANG_WARN_OBJC_ROOT_CLASS = YES_ERROR;
				CLANG_WARN_SUSPICIOUS_MOVES = YES;
				CLANG_WARN_UNREACHABLE_CODE = YES;
				CLANG_WARN__DUPLICATE_METHOD_MATCH = YES;
				"CODE_SIGN_IDENTITY[sdk=iphoneos*]" = "iPhone Developer";
				COPY_PHASE_STRIP = NO;
				DEBUG_INFORMATION_FORMAT = "dwarf-with-dsym";
				ENABLE_NS_ASSERTIONS = NO;
				ENABLE_STRICT_OBJC_MSGSEND = YES;
				GCC_C_LANGUAGE_STANDARD = gnu99;
				GCC_NO_COMMON_BLOCKS = YES;
				GCC_WARN_64_TO_32_BIT_CONVERSION = YES;
				GCC_WARN_ABOUT_RETURN_TYPE = YES_ERROR;
				GCC_WARN_UNDECLARED_SELECTOR = YES;
				GCC_WARN_UNINITIALIZED_AUTOS = YES_AGGRESSIVE;
				GCC_WARN_UNUSED_FUNCTION = YES;
				GCC_WARN_UNUSED_VARIABLE = YES;
				IPHONEOS_DEPLOYMENT_TARGET = 10.0;
				MTL_ENABLE_DEBUG_INFO = NO;
				SDKROOT = iphoneos;
				TARGETED_DEVICE_FAMILY = "1,2";
				VALIDATE_PRODUCT = YES;
			};
			name = Release;
		};
		3E0D12221DBB8E9800BEFB38 /* Debug */ = {
			isa = XCBuildConfiguration;
			buildSettings = {
				ALWAYS_SEARCH_USER_PATHS = YES;
				ASSETCATALOG_COMPILER_APPICON_NAME = AppIcon;
				"CODE_SIGN_IDENTITY[sdk=iphoneos*]" = "iPhone Developer";
				DEVELOPMENT_TEAM = FK74ME29UU;
				GCC_PREPROCESSOR_DEFINITIONS = (
					"PJ_AUTOCONF=1",
					"DEBUG=1",
				);
				HEADER_SEARCH_PATHS = "$(BUILD_DIR)/../IntermediateBuildFilesPath/Headers";
				INFOPLIST_FILE = appl/Info.plist;
				LD_RUNPATH_SEARCH_PATHS = "$(inherited) @executable_path/Frameworks";
				LIBRARY_SEARCH_PATHS = "$(PROJECT_DIR)/appl/libs";
				ONLY_ACTIVE_ARCH = YES;
				PRODUCT_BUNDLE_IDENTIFIER = com.bosna.org.appl;
				PRODUCT_NAME = "$(TARGET_NAME)";
				USER_HEADER_SEARCH_PATHS = "$(PROJECT_DIR)/appl/pjsip-include";
				VALID_ARCHS = "arm64 i386 armv7 armv7s x86_64";
			};
			name = Debug;
		};
		3E0D12231DBB8E9800BEFB38 /* Release */ = {
			isa = XCBuildConfiguration;
			buildSettings = {
				ALWAYS_SEARCH_USER_PATHS = YES;
				ASSETCATALOG_COMPILER_APPICON_NAME = AppIcon;
				"CODE_SIGN_IDENTITY[sdk=iphoneos*]" = "iPhone Developer";
				DEVELOPMENT_TEAM = FK74ME29UU;
				GCC_PREPROCESSOR_DEFINITIONS = "PJ_AUTOCONF=1";
				HEADER_SEARCH_PATHS = "$(BUILD_DIR)/../IntermediateBuildFilesPath/Headers";
				INFOPLIST_FILE = appl/Info.plist;
				LD_RUNPATH_SEARCH_PATHS = "$(inherited) @executable_path/Frameworks";
				LIBRARY_SEARCH_PATHS = "$(PROJECT_DIR)/appl/libs";
				ONLY_ACTIVE_ARCH = NO;
				PRODUCT_BUNDLE_IDENTIFIER = com.bosna.org.appl;
				PRODUCT_NAME = "$(TARGET_NAME)";
				USER_HEADER_SEARCH_PATHS = "$(PROJECT_DIR)/appl/pjsip-include";
				VALID_ARCHS = "arm64 i386 armv7 armv7s x86_64";
			};
			name = Release;
		};
/* End XCBuildConfiguration section */

/* Begin XCConfigurationList section */
		3E0D12051DBB8E9500BEFB38 /* Build configuration list for PBXProject "appl" */ = {
			isa = XCConfigurationList;
			buildConfigurations = (
				3E0D121F1DBB8E9800BEFB38 /* Debug */,
				3E0D12201DBB8E9800BEFB38 /* Release */,
			);
			defaultConfigurationIsVisible = 0;
			defaultConfigurationName = Release;
		};
		3E0D12211DBB8E9800BEFB38 /* Build configuration list for PBXNativeTarget "appl" */ = {
			isa = XCConfigurationList;
			buildConfigurations = (
				3E0D12221DBB8E9800BEFB38 /* Debug */,
				3E0D12231DBB8E9800BEFB38 /* Release */,
			);
			defaultConfigurationIsVisible = 0;
			defaultConfigurationName = Release;
		};
/* End XCConfigurationList section */
	};
	rootObject = 3E0D12021DBB8E9500BEFB38 /* Project object */;
}
